// !$*UTF8*$!
{
	archiveVersion = 1;
	classes = {
	};
	objectVersion = 50;
	objects = {

/* Begin PBXBuildFile section */
		0C339278A0CACCD90CE244DD /* Pods_Resturants.framework in Frameworks */ = {isa = PBXBuildFile; fileRef = 1EE8276340251D9B1286319C /* Pods_Resturants.framework */; };
		250C2C93208BE3CB00F09D18 /* AppDelegate.swift in Sources */ = {isa = PBXBuildFile; fileRef = 250C2C92208BE3CB00F09D18 /* AppDelegate.swift */; };
		250C2C95208BE3CB00F09D18 /* TakePhotoViewController.swift in Sources */ = {isa = PBXBuildFile; fileRef = 250C2C94208BE3CB00F09D18 /* TakePhotoViewController.swift */; };
		250C2C98208BE3CB00F09D18 /* Main.storyboard in Resources */ = {isa = PBXBuildFile; fileRef = 250C2C96208BE3CB00F09D18 /* Main.storyboard */; };
		250C2C9A208BE3CC00F09D18 /* Assets.xcassets in Resources */ = {isa = PBXBuildFile; fileRef = 250C2C99208BE3CC00F09D18 /* Assets.xcassets */; };
		250C2C9D208BE3CC00F09D18 /* LaunchScreen.storyboard in Resources */ = {isa = PBXBuildFile; fileRef = 250C2C9B208BE3CC00F09D18 /* LaunchScreen.storyboard */; };
		25F5992F208BFF4A008CFB37 /* SearchResultsViewController.swift in Sources */ = {isa = PBXBuildFile; fileRef = 25F5992E208BFF4A008CFB37 /* SearchResultsViewController.swift */; };
		25F59931208C0117008CFB37 /* Resturant.swift in Sources */ = {isa = PBXBuildFile; fileRef = 25F59930208C0117008CFB37 /* Resturant.swift */; };
		25F59937208C05A0008CFB37 /* ResturantCell.swift in Sources */ = {isa = PBXBuildFile; fileRef = 25F59936208C05A0008CFB37 /* ResturantCell.swift */; };
		4D3793E52093CF3700196D78 /* ShoppingResponse.swift in Sources */ = {isa = PBXBuildFile; fileRef = 4D3793E12093CF3500196D78 /* ShoppingResponse.swift */; };
		4D3793E62093CF3700196D78 /* RecipeCelll.swift in Sources */ = {isa = PBXBuildFile; fileRef = 4D3793E22093CF3600196D78 /* RecipeCelll.swift */; };
		4D3793E72093CF3700196D78 /* RecipeViewController.swift in Sources */ = {isa = PBXBuildFile; fileRef = 4D3793E32093CF3600196D78 /* RecipeViewController.swift */; };
		4D3793E82093CF3700196D78 /* Recipe.swift in Sources */ = {isa = PBXBuildFile; fileRef = 4D3793E42093CF3600196D78 /* Recipe.swift */; };
		4DC5431B2091A8E800E9801C /* TakePhotoIngredientsViewController.swift in Sources */ = {isa = PBXBuildFile; fileRef = 4DC5431A2091A8E800E9801C /* TakePhotoIngredientsViewController.swift */; };
		4DC5431D20925AF200E9801C /* ShoppingItem.swift in Sources */ = {isa = PBXBuildFile; fileRef = 4DC5431C20925AF200E9801C /* ShoppingItem.swift */; };
		4DC5431F20925B6D00E9801C /* ShoppingItemCell.swift in Sources */ = {isa = PBXBuildFile; fileRef = 4DC5431E20925B6D00E9801C /* ShoppingItemCell.swift */; };
		4DC5432120925FA400E9801C /* ShoppingListViewController.swift in Sources */ = {isa = PBXBuildFile; fileRef = 4DC5432020925FA400E9801C /* ShoppingListViewController.swift */; };
/* End PBXBuildFile section */

/* Begin PBXFileReference section */
		1EE8276340251D9B1286319C /* Pods_Resturants.framework */ = {isa = PBXFileReference; explicitFileType = wrapper.framework; includeInIndex = 0; path = Pods_Resturants.framework; sourceTree = BUILT_PRODUCTS_DIR; };
		250C2C8F208BE3CB00F09D18 /* Resturants.app */ = {isa = PBXFileReference; explicitFileType = wrapper.application; includeInIndex = 0; path = Resturants.app; sourceTree = BUILT_PRODUCTS_DIR; };
		250C2C92208BE3CB00F09D18 /* AppDelegate.swift */ = {isa = PBXFileReference; lastKnownFileType = sourcecode.swift; path = AppDelegate.swift; sourceTree = "<group>"; };
		250C2C94208BE3CB00F09D18 /* TakePhotoViewController.swift */ = {isa = PBXFileReference; lastKnownFileType = sourcecode.swift; path = TakePhotoViewController.swift; sourceTree = "<group>"; };
		250C2C97208BE3CB00F09D18 /* Base */ = {isa = PBXFileReference; lastKnownFileType = file.storyboard; name = Base; path = Base.lproj/Main.storyboard; sourceTree = "<group>"; };
		250C2C99208BE3CC00F09D18 /* Assets.xcassets */ = {isa = PBXFileReference; lastKnownFileType = folder.assetcatalog; path = Assets.xcassets; sourceTree = "<group>"; };
		250C2C9C208BE3CC00F09D18 /* Base */ = {isa = PBXFileReference; lastKnownFileType = file.storyboard; name = Base; path = Base.lproj/LaunchScreen.storyboard; sourceTree = "<group>"; };
		250C2C9E208BE3CC00F09D18 /* Info.plist */ = {isa = PBXFileReference; lastKnownFileType = text.plist.xml; path = Info.plist; sourceTree = "<group>"; };
		25F5992E208BFF4A008CFB37 /* SearchResultsViewController.swift */ = {isa = PBXFileReference; lastKnownFileType = sourcecode.swift; path = SearchResultsViewController.swift; sourceTree = "<group>"; };
		25F59930208C0117008CFB37 /* Resturant.swift */ = {isa = PBXFileReference; lastKnownFileType = sourcecode.swift; path = Resturant.swift; sourceTree = "<group>"; };
		25F59936208C05A0008CFB37 /* ResturantCell.swift */ = {isa = PBXFileReference; lastKnownFileType = sourcecode.swift; path = ResturantCell.swift; sourceTree = "<group>"; };
		3260565DF71B94D497883A2C /* Pods-Resturants.release.xcconfig */ = {isa = PBXFileReference; includeInIndex = 1; lastKnownFileType = text.xcconfig; name = "Pods-Resturants.release.xcconfig"; path = "Pods/Target Support Files/Pods-Resturants/Pods-Resturants.release.xcconfig"; sourceTree = "<group>"; };
		4D3793E12093CF3500196D78 /* ShoppingResponse.swift */ = {isa = PBXFileReference; fileEncoding = 4; lastKnownFileType = sourcecode.swift; path = ShoppingResponse.swift; sourceTree = "<group>"; };
		4D3793E22093CF3600196D78 /* RecipeCelll.swift */ = {isa = PBXFileReference; fileEncoding = 4; lastKnownFileType = sourcecode.swift; path = RecipeCelll.swift; sourceTree = "<group>"; };
		4D3793E32093CF3600196D78 /* RecipeViewController.swift */ = {isa = PBXFileReference; fileEncoding = 4; lastKnownFileType = sourcecode.swift; path = RecipeViewController.swift; sourceTree = "<group>"; };
		4D3793E42093CF3600196D78 /* Recipe.swift */ = {isa = PBXFileReference; fileEncoding = 4; lastKnownFileType = sourcecode.swift; path = Recipe.swift; sourceTree = "<group>"; };
		4DC5431A2091A8E800E9801C /* TakePhotoIngredientsViewController.swift */ = {isa = PBXFileReference; lastKnownFileType = sourcecode.swift; path = TakePhotoIngredientsViewController.swift; sourceTree = "<group>"; };
		4DC5431C20925AF200E9801C /* ShoppingItem.swift */ = {isa = PBXFileReference; lastKnownFileType = sourcecode.swift; path = ShoppingItem.swift; sourceTree = "<group>"; };
		4DC5431E20925B6D00E9801C /* ShoppingItemCell.swift */ = {isa = PBXFileReference; lastKnownFileType = sourcecode.swift; path = ShoppingItemCell.swift; sourceTree = "<group>"; };
		4DC5432020925FA400E9801C /* ShoppingListViewController.swift */ = {isa = PBXFileReference; lastKnownFileType = sourcecode.swift; path = ShoppingListViewController.swift; sourceTree = "<group>"; };
		5CD4351175815B68CE5754C7 /* Pods-Resturants.debug.xcconfig */ = {isa = PBXFileReference; includeInIndex = 1; lastKnownFileType = text.xcconfig; name = "Pods-Resturants.debug.xcconfig"; path = "Pods/Target Support Files/Pods-Resturants/Pods-Resturants.debug.xcconfig"; sourceTree = "<group>"; };
/* End PBXFileReference section */

/* Begin PBXFrameworksBuildPhase section */
		250C2C8C208BE3CB00F09D18 /* Frameworks */ = {
			isa = PBXFrameworksBuildPhase;
			buildActionMask = 2147483647;
			files = (
				0C339278A0CACCD90CE244DD /* Pods_Resturants.framework in Frameworks */,
			);
			runOnlyForDeploymentPostprocessing = 0;
		};
/* End PBXFrameworksBuildPhase section */

/* Begin PBXGroup section */
		250C2C86208BE3CB00F09D18 = {
			isa = PBXGroup;
			children = (
				250C2C91208BE3CB00F09D18 /* Resturants */,
				250C2C90208BE3CB00F09D18 /* Products */,
				D224ECD2DA3AEBFDF5364E33 /* Pods */,
				F8EEDCCDF29AD23A234D25AA /* Frameworks */,
			);
			sourceTree = "<group>";
		};
		250C2C90208BE3CB00F09D18 /* Products */ = {
			isa = PBXGroup;
			children = (
				250C2C8F208BE3CB00F09D18 /* Resturants.app */,
			);
			name = Products;
			sourceTree = "<group>";
		};
		250C2C91208BE3CB00F09D18 /* Resturants */ = {
			isa = PBXGroup;
			children = (
				4D3793E42093CF3600196D78 /* Recipe.swift */,
				4D3793E22093CF3600196D78 /* RecipeCelll.swift */,
				4D3793E32093CF3600196D78 /* RecipeViewController.swift */,
				4D3793E12093CF3500196D78 /* ShoppingResponse.swift */,
				4DC5431C20925AF200E9801C /* ShoppingItem.swift */,
				250C2C92208BE3CB00F09D18 /* AppDelegate.swift */,
				250C2C94208BE3CB00F09D18 /* TakePhotoViewController.swift */,
				4DC5431A2091A8E800E9801C /* TakePhotoIngredientsViewController.swift */,
				25F5992E208BFF4A008CFB37 /* SearchResultsViewController.swift */,
				4DC5432020925FA400E9801C /* ShoppingListViewController.swift */,
				25F59936208C05A0008CFB37 /* ResturantCell.swift */,
				4DC5431E20925B6D00E9801C /* ShoppingItemCell.swift */,
				25F59930208C0117008CFB37 /* Resturant.swift */,
				250C2C96208BE3CB00F09D18 /* Main.storyboard */,
				250C2C99208BE3CC00F09D18 /* Assets.xcassets */,
				250C2C9B208BE3CC00F09D18 /* LaunchScreen.storyboard */,
				250C2C9E208BE3CC00F09D18 /* Info.plist */,
			);
			path = Resturants;
			sourceTree = "<group>";
		};
		D224ECD2DA3AEBFDF5364E33 /* Pods */ = {
			isa = PBXGroup;
			children = (
				5CD4351175815B68CE5754C7 /* Pods-Resturants.debug.xcconfig */,
				3260565DF71B94D497883A2C /* Pods-Resturants.release.xcconfig */,
			);
			name = Pods;
			sourceTree = "<group>";
		};
		F8EEDCCDF29AD23A234D25AA /* Frameworks */ = {
			isa = PBXGroup;
			children = (
				1EE8276340251D9B1286319C /* Pods_Resturants.framework */,
			);
			name = Frameworks;
			sourceTree = "<group>";
		};
/* End PBXGroup section */

/* Begin PBXNativeTarget section */
		250C2C8E208BE3CB00F09D18 /* Resturants */ = {
			isa = PBXNativeTarget;
			buildConfigurationList = 250C2CA1208BE3CC00F09D18 /* Build configuration list for PBXNativeTarget "Resturants" */;
			buildPhases = (
				C0893138A63A9BBD883F5DB6 /* [CP] Check Pods Manifest.lock */,
				250C2C8B208BE3CB00F09D18 /* Sources */,
				250C2C8C208BE3CB00F09D18 /* Frameworks */,
				250C2C8D208BE3CB00F09D18 /* Resources */,
				AF0E65E855487180CB505C1A /* [CP] Embed Pods Frameworks */,
			);
			buildRules = (
			);
			dependencies = (
			);
			name = Resturants;
			productName = Resturants;
			productReference = 250C2C8F208BE3CB00F09D18 /* Resturants.app */;
			productType = "com.apple.product-type.application";
		};
/* End PBXNativeTarget section */

/* Begin PBXProject section */
		250C2C87208BE3CB00F09D18 /* Project object */ = {
			isa = PBXProject;
			attributes = {
				LastSwiftUpdateCheck = 0930;
				LastUpgradeCheck = 0930;
				ORGANIZATIONNAME = qin;
				TargetAttributes = {
					250C2C8E208BE3CB00F09D18 = {
						CreatedOnToolsVersion = 9.3;
					};
				};
			};
			buildConfigurationList = 250C2C8A208BE3CB00F09D18 /* Build configuration list for PBXProject "Resturants" */;
			compatibilityVersion = "Xcode 9.3";
			developmentRegion = en;
			hasScannedForEncodings = 0;
			knownRegions = (
				en,
				Base,
			);
			mainGroup = 250C2C86208BE3CB00F09D18;
			productRefGroup = 250C2C90208BE3CB00F09D18 /* Products */;
			projectDirPath = "";
			projectRoot = "";
			targets = (
				250C2C8E208BE3CB00F09D18 /* Resturants */,
			);
		};
/* End PBXProject section */

/* Begin PBXResourcesBuildPhase section */
		250C2C8D208BE3CB00F09D18 /* Resources */ = {
			isa = PBXResourcesBuildPhase;
			buildActionMask = 2147483647;
			files = (
				250C2C9D208BE3CC00F09D18 /* LaunchScreen.storyboard in Resources */,
				250C2C9A208BE3CC00F09D18 /* Assets.xcassets in Resources */,
				250C2C98208BE3CB00F09D18 /* Main.storyboard in Resources */,
			);
			runOnlyForDeploymentPostprocessing = 0;
		};
/* End PBXResourcesBuildPhase section */

/* Begin PBXShellScriptBuildPhase section */
		AF0E65E855487180CB505C1A /* [CP] Embed Pods Frameworks */ = {
			isa = PBXShellScriptBuildPhase;
			buildActionMask = 2147483647;
			files = (
			);
			inputPaths = (
				"${SRCROOT}/Pods/Target Support Files/Pods-Resturants/Pods-Resturants-frameworks.sh",
				"${BUILT_PRODUCTS_DIR}/Alamofire/Alamofire.framework",
				"${BUILT_PRODUCTS_DIR}/AlamofireImage/AlamofireImage.framework",
			);
			name = "[CP] Embed Pods Frameworks";
			outputPaths = (
				"${TARGET_BUILD_DIR}/${FRAMEWORKS_FOLDER_PATH}/Alamofire.framework",
				"${TARGET_BUILD_DIR}/${FRAMEWORKS_FOLDER_PATH}/AlamofireImage.framework",
			);
			runOnlyForDeploymentPostprocessing = 0;
			shellPath = /bin/sh;
			shellScript = "\"${SRCROOT}/Pods/Target Support Files/Pods-Resturants/Pods-Resturants-frameworks.sh\"\n";
			showEnvVarsInLog = 0;
		};
		C0893138A63A9BBD883F5DB6 /* [CP] Check Pods Manifest.lock */ = {
			isa = PBXShellScriptBuildPhase;
			buildActionMask = 2147483647;
			files = (
			);
			inputPaths = (
				"${PODS_PODFILE_DIR_PATH}/Podfile.lock",
				"${PODS_ROOT}/Manifest.lock",
			);
			name = "[CP] Check Pods Manifest.lock";
			outputPaths = (
				"$(DERIVED_FILE_DIR)/Pods-Resturants-checkManifestLockResult.txt",
			);
			runOnlyForDeploymentPostprocessing = 0;
			shellPath = /bin/sh;
			shellScript = "diff \"${PODS_PODFILE_DIR_PATH}/Podfile.lock\" \"${PODS_ROOT}/Manifest.lock\" > /dev/null\nif [ $? != 0 ] ; then\n    # print error to STDERR\n    echo \"error: The sandbox is not in sync with the Podfile.lock. Run 'pod install' or update your CocoaPods installation.\" >&2\n    exit 1\nfi\n# This output is used by Xcode 'outputs' to avoid re-running this script phase.\necho \"SUCCESS\" > \"${SCRIPT_OUTPUT_FILE_0}\"\n";
			showEnvVarsInLog = 0;
		};
/* End PBXShellScriptBuildPhase section */

/* Begin PBXSourcesBuildPhase section */
		250C2C8B208BE3CB00F09D18 /* Sources */ = {
			isa = PBXSourcesBuildPhase;
			buildActionMask = 2147483647;
			files = (
				4DC5431F20925B6D00E9801C /* ShoppingItemCell.swift in Sources */,
				4D3793E62093CF3700196D78 /* RecipeCelll.swift in Sources */,
				250C2C95208BE3CB00F09D18 /* TakePhotoViewController.swift in Sources */,
				25F5992F208BFF4A008CFB37 /* SearchResultsViewController.swift in Sources */,
				25F59931208C0117008CFB37 /* Resturant.swift in Sources */,
				4D3793E52093CF3700196D78 /* ShoppingResponse.swift in Sources */,
				25F59937208C05A0008CFB37 /* ResturantCell.swift in Sources */,
				4DC5432120925FA400E9801C /* ShoppingListViewController.swift in Sources */,
				4D3793E72093CF3700196D78 /* RecipeViewController.swift in Sources */,
				4DC5431D20925AF200E9801C /* ShoppingItem.swift in Sources */,
				4D3793E82093CF3700196D78 /* Recipe.swift in Sources */,
				250C2C93208BE3CB00F09D18 /* AppDelegate.swift in Sources */,
				4DC5431B2091A8E800E9801C /* TakePhotoIngredientsViewController.swift in Sources */,
			);
			runOnlyForDeploymentPostprocessing = 0;
		};
/* End PBXSourcesBuildPhase section */

/* Begin PBXVariantGroup section */
		250C2C96208BE3CB00F09D18 /* Main.storyboard */ = {
			isa = PBXVariantGroup;
			children = (
				250C2C97208BE3CB00F09D18 /* Base */,
			);
			name = Main.storyboard;
			sourceTree = "<group>";
		};
		250C2C9B208BE3CC00F09D18 /* LaunchScreen.storyboard */ = {
			isa = PBXVariantGroup;
			children = (
				250C2C9C208BE3CC00F09D18 /* Base */,
			);
			name = LaunchScreen.storyboard;
			sourceTree = "<group>";
		};
/* End PBXVariantGroup section */

/* Begin XCBuildConfiguration section */
		250C2C9F208BE3CC00F09D18 /* Debug */ = {
			isa = XCBuildConfiguration;
			buildSettings = {
				ALWAYS_SEARCH_USER_PATHS = NO;
				CLANG_ANALYZER_NONNULL = YES;
				CLANG_ANALYZER_NUMBER_OBJECT_CONVERSION = YES_AGGRESSIVE;
				CLANG_CXX_LANGUAGE_STANDARD = "gnu++14";
				CLANG_CXX_LIBRARY = "libc++";
				CLANG_ENABLE_MODULES = YES;
				CLANG_ENABLE_OBJC_ARC = YES;
				CLANG_ENABLE_OBJC_WEAK = YES;
				CLANG_WARN_BLOCK_CAPTURE_AUTORELEASING = YES;
				CLANG_WARN_BOOL_CONVERSION = YES;
				CLANG_WARN_COMMA = YES;
				CLANG_WARN_CONSTANT_CONVERSION = YES;
				CLANG_WARN_DEPRECATED_OBJC_IMPLEMENTATIONS = YES;
				CLANG_WARN_DIRECT_OBJC_ISA_USAGE = YES_ERROR;
				CLANG_WARN_DOCUMENTATION_COMMENTS = YES;
				CLANG_WARN_EMPTY_BODY = YES;
				CLANG_WARN_ENUM_CONVERSION = YES;
				CLANG_WARN_INFINITE_RECURSION = YES;
				CLANG_WARN_INT_CONVERSION = YES;
				CLANG_WARN_NON_LITERAL_NULL_CONVERSION = YES;
				CLANG_WARN_OBJC_IMPLICIT_RETAIN_SELF = YES;
				CLANG_WARN_OBJC_LITERAL_CONVERSION = YES;
				CLANG_WARN_OBJC_ROOT_CLASS = YES_ERROR;
				CLANG_WARN_RANGE_LOOP_ANALYSIS = YES;
				CLANG_WARN_STRICT_PROTOTYPES = YES;
				CLANG_WARN_SUSPICIOUS_MOVE = YES;
				CLANG_WARN_UNGUARDED_AVAILABILITY = YES_AGGRESSIVE;
				CLANG_WARN_UNREACHABLE_CODE = YES;
				CLANG_WARN__DUPLICATE_METHOD_MATCH = YES;
				CODE_SIGN_IDENTITY = "iPhone Developer";
				COPY_PHASE_STRIP = NO;
				DEBUG_INFORMATION_FORMAT = dwarf;
				ENABLE_STRICT_OBJC_MSGSEND = YES;
				ENABLE_TESTABILITY = YES;
				GCC_C_LANGUAGE_STANDARD = gnu11;
				GCC_DYNAMIC_NO_PIC = NO;
				GCC_NO_COMMON_BLOCKS = YES;
				GCC_OPTIMIZATION_LEVEL = 0;
				GCC_PREPROCESSOR_DEFINITIONS = (
					"DEBUG=1",
					"$(inherited)",
				);
				GCC_WARN_64_TO_32_BIT_CONVERSION = YES;
				GCC_WARN_ABOUT_RETURN_TYPE = YES_ERROR;
				GCC_WARN_UNDECLARED_SELECTOR = YES;
				GCC_WARN_UNINITIALIZED_AUTOS = YES_AGGRESSIVE;
				GCC_WARN_UNUSED_FUNCTION = YES;
				GCC_WARN_UNUSED_VARIABLE = YES;
				IPHONEOS_DEPLOYMENT_TARGET = 11.3;
				MTL_ENABLE_DEBUG_INFO = YES;
				ONLY_ACTIVE_ARCH = YES;
				SDKROOT = iphoneos;
				SWIFT_ACTIVE_COMPILATION_CONDITIONS = DEBUG;
				SWIFT_OPTIMIZATION_LEVEL = "-Onone";
			};
			name = Debug;
		};
		250C2CA0208BE3CC00F09D18 /* Release */ = {
			isa = XCBuildConfiguration;
			buildSettings = {
				ALWAYS_SEARCH_USER_PATHS = NO;
				CLANG_ANALYZER_NONNULL = YES;
				CLANG_ANALYZER_NUMBER_OBJECT_CONVERSION = YES_AGGRESSIVE;
				CLANG_CXX_LANGUAGE_STANDARD = "gnu++14";
				CLANG_CXX_LIBRARY = "libc++";
				CLANG_ENABLE_MODULES = YES;
				CLANG_ENABLE_OBJC_ARC = YES;
				CLANG_ENABLE_OBJC_WEAK = YES;
				CLANG_WARN_BLOCK_CAPTURE_AUTORELEASING = YES;
				CLANG_WARN_BOOL_CONVERSION = YES;
				CLANG_WARN_COMMA = YES;
				CLANG_WARN_CONSTANT_CONVERSION = YES;
				CLANG_WARN_DEPRECATED_OBJC_IMPLEMENTATIONS = YES;
				CLANG_WARN_DIRECT_OBJC_ISA_USAGE = YES_ERROR;
				CLANG_WARN_DOCUMENTATION_COMMENTS = YES;
				CLANG_WARN_EMPTY_BODY = YES;
				CLANG_WARN_ENUM_CONVERSION = YES;
				CLANG_WARN_INFINITE_RECURSION = YES;
				CLANG_WARN_INT_CONVERSION = YES;
				CLANG_WARN_NON_LITERAL_NULL_CONVERSION = YES;
				CLANG_WARN_OBJC_IMPLICIT_RETAIN_SELF = YES;
				CLANG_WARN_OBJC_LITERAL_CONVERSION = YES;
				CLANG_WARN_OBJC_ROOT_CLASS = YES_ERROR;
				CLANG_WARN_RANGE_LOOP_ANALYSIS = YES;
				CLANG_WARN_STRICT_PROTOTYPES = YES;
				CLANG_WARN_SUSPICIOUS_MOVE = YES;
				CLANG_WARN_UNGUARDED_AVAILABILITY = YES_AGGRESSIVE;
				CLANG_WARN_UNREACHABLE_CODE = YES;
				CLANG_WARN__DUPLICATE_METHOD_MATCH = YES;
				CODE_SIGN_IDENTITY = "iPhone Developer";
				COPY_PHASE_STRIP = NO;
				DEBUG_INFORMATION_FORMAT = "dwarf-with-dsym";
				ENABLE_NS_ASSERTIONS = NO;
				ENABLE_STRICT_OBJC_MSGSEND = YES;
				GCC_C_LANGUAGE_STANDARD = gnu11;
				GCC_NO_COMMON_BLOCKS = YES;
				GCC_WARN_64_TO_32_BIT_CONVERSION = YES;
				GCC_WARN_ABOUT_RETURN_TYPE = YES_ERROR;
				GCC_WARN_UNDECLARED_SELECTOR = YES;
				GCC_WARN_UNINITIALIZED_AUTOS = YES_AGGRESSIVE;
				GCC_WARN_UNUSED_FUNCTION = YES;
				GCC_WARN_UNUSED_VARIABLE = YES;
				IPHONEOS_DEPLOYMENT_TARGET = 11.3;
				MTL_ENABLE_DEBUG_INFO = NO;
				SDKROOT = iphoneos;
				SWIFT_COMPILATION_MODE = wholemodule;
				SWIFT_OPTIMIZATION_LEVEL = "-O";
				VALIDATE_PRODUCT = YES;
			};
			name = Release;
		};
		250C2CA2208BE3CC00F09D18 /* Debug */ = {
			isa = XCBuildConfiguration;
			baseConfigurationReference = 5CD4351175815B68CE5754C7 /* Pods-Resturants.debug.xcconfig */;
			buildSettings = {
				ASSETCATALOG_COMPILER_APPICON_NAME = AppIcon;
				CODE_SIGN_STYLE = Automatic;
				DEVELOPMENT_TEAM = 5V3LQ73V87;
				INFOPLIST_FILE = Resturants/Info.plist;
				LD_RUNPATH_SEARCH_PATHS = (
					"$(inherited)",
					"@executable_path/Frameworks",
				);
				PRODUCT_BUNDLE_IDENTIFIER = yaoz.Resturants;
				PRODUCT_NAME = "$(TARGET_NAME)";
				SWIFT_VERSION = 4.0;
				TARGETED_DEVICE_FAMILY = "1,2";
			};
			name = Debug;
		};
		250C2CA3208BE3CC00F09D18 /* Release */ = {
			isa = XCBuildConfiguration;
			baseConfigurationReference = 3260565DF71B94D497883A2C /* Pods-Resturants.release.xcconfig */;
			buildSettings = {
				ASSETCATALOG_COMPILER_APPICON_NAME = AppIcon;
				CODE_SIGN_STYLE = Automatic;
				DEVELOPMENT_TEAM = 5V3LQ73V87;
				INFOPLIST_FILE = Resturants/Info.plist;
				LD_RUNPATH_SEARCH_PATHS = (
					"$(inherited)",
					"@executable_path/Frameworks",
				);
				PRODUCT_BUNDLE_IDENTIFIER = yaoz.Resturants;
				PRODUCT_NAME = "$(TARGET_NAME)";
				SWIFT_VERSION = 4.0;
				TARGETED_DEVICE_FAMILY = "1,2";
			};
			name = Release;
		};
/* End XCBuildConfiguration section */

/* Begin XCConfigurationList section */
		250C2C8A208BE3CB00F09D18 /* Build configuration list for PBXProject "Resturants" */ = {
			isa = XCConfigurationList;
			buildConfigurations = (
				250C2C9F208BE3CC00F09D18 /* Debug */,
				250C2CA0208BE3CC00F09D18 /* Release */,
			);
			defaultConfigurationIsVisible = 0;
			defaultConfigurationName = Release;
		};
		250C2CA1208BE3CC00F09D18 /* Build configuration list for PBXNativeTarget "Resturants" */ = {
			isa = XCConfigurationList;
			buildConfigurations = (
				250C2CA2208BE3CC00F09D18 /* Debug */,
				250C2CA3208BE3CC00F09D18 /* Release */,
			);
			defaultConfigurationIsVisible = 0;
			defaultConfigurationName = Release;
		};
/* End XCConfigurationList section */
	};
	rootObject = 250C2C87208BE3CB00F09D18 /* Project object */;
}
